
Microsoft Visual Studio Solution File, Format Version 11.00
# Visual Studio 2010
Project("{FAE04EC0-301F-11D3-BF4B-00C04F79EFBC}") = "Third.EasyTouch", "Third.EasyTouch.csproj", "{9379DA08-3880-7584-C595-5C3C980B9453}"
EndProject
Project("{FAE04EC0-301F-11D3-BF4B-00C04F79EFBC}") = "Assembly-CSharp", "Assembly-CSharp.csproj", "{A2859A56-AB4A-51F9-60BB-1B6FC96E8C70}"
EndProject
Project("{FAE04EC0-301F-11D3-BF4B-00C04F79EFBC}") = "Third.NavMeshComponents", "Third.NavMeshComponents.csproj", "{7DE21EFB-1DA6-3F29-C14D-CF8768624C55}"
EndProject
Project("{FAE04EC0-301F-11D3-BF4B-00C04F79EFBC}") = "Third.EasyTouchControls", "Third.EasyTouchControls.csproj", "{05C5B5DB-C54D-7218-511E-6ABC1C0F179F}"
EndProject
Project("{FAE04EC0-301F-11D3-BF4B-00C04F79EFBC}") = "Assembly-CSharp-Editor", "Assembly-CSharp-Editor.csproj", "{2FC59FCE-BCB1-13D3-FB79-5DD1AF79A2AF}"
EndProject
Global
	GlobalSection(SolutionConfigurationPlatforms) = preSolution
		Debug|Any CPU = Debug|Any CPU
		Release|Any CPU = Release|Any CPU
	EndGlobalSection
	GlobalSection(ProjectConfigurationPlatforms) = postSolution
		{9379DA08-3880-7584-C595-5C3C980B9453}.Debug|Any CPU.ActiveCfg = Debug|Any CPU
		{9379DA08-3880-7584-C595-5C3C980B9453}.Debug|Any CPU.Build.0 = Debug|Any CPU
		{9379DA08-3880-7584-C595-5C3C980B9453}.Release|Any CPU.ActiveCfg = Release|Any CPU
		{9379DA08-3880-7584-C595-5C3C980B9453}.Release|Any CPU.Build.0 = Release|Any CPU
		{A2859A56-AB4A-51F9-60BB-1B6FC96E8C70}.Debug|Any CPU.ActiveCfg = Debug|Any CPU
		{A2859A56-AB4A-51F9-60BB-1B6FC96E8C70}.Debug|Any CPU.Build.0 = Debug|Any CPU
		{A2859A56-AB4A-51F9-60BB-1B6FC96E8C70}.Release|Any CPU.ActiveCfg = Release|Any CPU
		{A2859A56-AB4A-51F9-60BB-1B6FC96E8C70}.Release|Any CPU.Build.0 = Release|Any CPU
		{7DE21EFB-1DA6-3F29-C14D-CF8768624C55}.Debug|Any CPU.ActiveCfg = Debug|Any CPU
		{7DE21EFB-1DA6-3F29-C14D-CF8768624C55}.Debug|Any CPU.Build.0 = Debug|Any CPU
		{7DE21EFB-1DA6-3F29-C14D-CF8768624C55}.Release|Any CPU.ActiveCfg = Release|Any CPU
		{7DE21EFB-1DA6-3F29-C14D-CF8768624C55}.Release|Any CPU.Build.0 = Release|Any CPU
		{05C5B5DB-C54D-7218-511E-6ABC1C0F179F}.Debug|Any CPU.ActiveCfg = Debug|Any CPU
		{05C5B5DB-C54D-7218-511E-6ABC1C0F179F}.Debug|Any CPU.Build.0 = Debug|Any CPU
		{05C5B5DB-C54D-7218-511E-6ABC1C0F179F}.Release|Any CPU.ActiveCfg = Release|Any CPU
		{05C5B5DB-C54D-7218-511E-6ABC1C0F179F}.Release|Any CPU.Build.0 = Release|Any CPU
		{2FC59FCE-BCB1-13D3-FB79-5DD1AF79A2AF}.Debug|Any CPU.ActiveCfg = Debug|Any CPU
		{2FC59FCE-BCB1-13D3-FB79-5DD1AF79A2AF}.Debug|Any CPU.Build.0 = Debug|Any CPU
		{2FC59FCE-BCB1-13D3-FB79-5DD1AF79A2AF}.Release|Any CPU.ActiveCfg = Release|Any CPU
		{2FC59FCE-BCB1-13D3-FB79-5DD1AF79A2AF}.Release|Any CPU.Build.0 = Release|Any CPU
	EndGlobalSection
	GlobalSection(SolutionProperties) = preSolution
		HideSolutionNode = FALSE
	EndGlobalSection
EndGlobal
